{
  "name": "qb-api",
  "lockfileVersion": 2,
  "requires": true,
  "packages": {
    "": {
      "dependencies": {
        "@overextended/oxmysql": "^1.1.1"
      }
    },
    "node_modules/@overextended/oxmysql": {
      "version": "1.1.1",
      "resolved": "https://registry.npmjs.org/@overextended/oxmysql/-/oxmysql-1.1.1.tgz",
      "integrity": "sha512-s5ovapUKVV0uifZG9I/yxwCfqickihWWyTbNPG03Hk7VXsfGB7sGaOX5diKGnu04tBCEPLli+Jh6pPEO6582Bw=="
    }
  },
  "dependencies": {
    "@overextended/oxmysql": {
      "version": "1.1.1",
      "resolved": "https://registry.npmjs.org/@overextended/oxmysql/-/oxmysql-1.1.1.tgz",
      "integrity": "sha512-s5ovapUKVV0uifZG9I/yxwCfqickihWWyTbNPG03Hk7VXsfGB7sGaOX5diKGnu04tBCEPLli+Jh6pPEO6582Bw=="
    }
  }
}
