# THIS IS AN AUTOGENERATED FILE. DO NOT EDIT THIS FILE DIRECTLY.
# yarn lockfile v1


"@overextended/oxmysql@^1.1.1":
  "integrity" "sha512-s5ovapUKVV0uifZG9I/yxwCfqickihWWyTbNPG03Hk7VXsfGB7sGaOX5diKGnu04tBCEPLli+Jh6pPEO6582Bw=="
  "resolved" "https://registry.npmjs.org/@overextended/oxmysql/-/oxmysql-1.1.1.tgz"
  "version" "1.1.1"
